
Microsoft Visual Studio Solution File, Format Version 12.00
# Visual Studio Version 17
VisualStudioVersion = 17.6.33723.286
MinimumVisualStudioVersion = 10.0.40219.1
Project("{FAE04EC0-301F-11D3-BF4B-00C04F79EFBC}") = "FQ23L034_DemoAttribute", "FQ23L034_DemoAttribute\FQ23L034_DemoAttribute.csproj", "{B7CA97EC-976A-40AA-8694-74AAD51378B2}"
EndProject
Global
	GlobalSection(SolutionConfigurationPlatforms) = preSolution
		Debug|Any CPU = Debug|Any CPU
		Release|Any CPU = Release|Any CPU
	EndGlobalSection
	GlobalSection(ProjectConfigurationPlatforms) = postSolution
		{B7CA97EC-976A-40AA-8694-74AAD51378B2}.Debug|Any CPU.ActiveCfg = Debug|Any CPU
		{B7CA97EC-976A-40AA-8694-74AAD51378B2}.Debug|Any CPU.Build.0 = Debug|Any CPU
		{B7CA97EC-976A-40AA-8694-74AAD51378B2}.Release|Any CPU.ActiveCfg = Release|Any CPU
		{B7CA97EC-976A-40AA-8694-74AAD51378B2}.Release|Any CPU.Build.0 = Release|Any CPU
	EndGlobalSection
	GlobalSection(SolutionProperties) = preSolution
		HideSolutionNode = FALSE
	EndGlobalSection
	GlobalSection(ExtensibilityGlobals) = postSolution
		SolutionGuid = {E27C28CC-E7C9-47FA-BFF6-8EB7EA3DC349}
	EndGlobalSection
EndGlobal
